
Microsoft Visual Studio Solution File, Format Version 12.00
# Visual Studio Version 17
VisualStudioVersion = 17.7.34031.279
MinimumVisualStudioVersion = 10.0.40219.1
Project("{FAE04EC0-301F-11D3-BF4B-00C04F79EFBC}") = "ateitiesDB", "ateitiesDB.csproj", "{7EA7128A-7CB7-44F8-90BE-DEF266428A57}"
EndProject
Global
	GlobalSection(SolutionConfigurationPlatforms) = preSolution
		Debug|Any CPU = Debug|Any CPU
		Release|Any CPU = Release|Any CPU
	EndGlobalSection
	GlobalSection(ProjectConfigurationPlatforms) = postSolution
		{7EA7128A-7CB7-44F8-90BE-DEF266428A57}.Debug|Any CPU.ActiveCfg = Debug|Any CPU
		{7EA7128A-7CB7-44F8-90BE-DEF266428A57}.Debug|Any CPU.Build.0 = Debug|Any CPU
		{7EA7128A-7CB7-44F8-90BE-DEF266428A57}.Release|Any CPU.ActiveCfg = Release|Any CPU
		{7EA7128A-7CB7-44F8-90BE-DEF266428A57}.Release|Any CPU.Build.0 = Release|Any CPU
	EndGlobalSection
	GlobalSection(SolutionProperties) = preSolution
		HideSolutionNode = FALSE
	EndGlobalSection
	GlobalSection(ExtensibilityGlobals) = postSolution
		SolutionGuid = {027D359E-1EA6-4753-91DE-50831BC5E28E}
	EndGlobalSection
EndGlobal
